
Microsoft Visual Studio Solution File, Format Version 12.00
Project("{FAE04EC0-301F-11D3-BF4B-00C04F79EFBC}") = "BlazorServerApp2", "BlazorServerApp2.csproj", "{CC3EB403-F63B-4584-97A6-7260679803EF}"
EndProject
Global
	GlobalSection(SolutionConfigurationPlatforms) = preSolution
		Debug|Any CPU = Debug|Any CPU
		Release|Any CPU = Release|Any CPU
	EndGlobalSection
	GlobalSection(ProjectConfigurationPlatforms) = postSolution
		{CC3EB403-F63B-4584-97A6-7260679803EF}.Debug|Any CPU.ActiveCfg = Debug|Any CPU
		{CC3EB403-F63B-4584-97A6-7260679803EF}.Debug|Any CPU.Build.0 = Debug|Any CPU
		{CC3EB403-F63B-4584-97A6-7260679803EF}.Release|Any CPU.ActiveCfg = Release|Any CPU
		{CC3EB403-F63B-4584-97A6-7260679803EF}.Release|Any CPU.Build.0 = Release|Any CPU
	EndGlobalSection
EndGlobal
